
Microsoft Visual Studio Solution File, Format Version 12.00
# Visual Studio Version 17
VisualStudioVersion = 17.4.33213.308
MinimumVisualStudioVersion = 10.0.40219.1
Project("{FAE04EC0-301F-11D3-BF4B-00C04F79EFBC}") = "Triangles", "Triangles.csproj", "{CC6F0799-0BC7-4AE0-8E82-1809B49F2B98}"
EndProject
Global
	GlobalSection(SolutionConfigurationPlatforms) = preSolution
		Debug|Any CPU = Debug|Any CPU
		Release|Any CPU = Release|Any CPU
	EndGlobalSection
	GlobalSection(ProjectConfigurationPlatforms) = postSolution
		{CC6F0799-0BC7-4AE0-8E82-1809B49F2B98}.Debug|Any CPU.ActiveCfg = Debug|Any CPU
		{CC6F0799-0BC7-4AE0-8E82-1809B49F2B98}.Debug|Any CPU.Build.0 = Debug|Any CPU
		{CC6F0799-0BC7-4AE0-8E82-1809B49F2B98}.Release|Any CPU.ActiveCfg = Release|Any CPU
		{CC6F0799-0BC7-4AE0-8E82-1809B49F2B98}.Release|Any CPU.Build.0 = Release|Any CPU
	EndGlobalSection
	GlobalSection(SolutionProperties) = preSolution
		HideSolutionNode = FALSE
	EndGlobalSection
	GlobalSection(ExtensibilityGlobals) = postSolution
		SolutionGuid = {410A0FF8-62CD-4E25-8B4A-EC77DA9847C3}
	EndGlobalSection
EndGlobal
